// !$*UTF8*$!
{
	archiveVersion = 1;
	classes = {
	};
	objectVersion = 55;
	objects = {

/* Begin PBXBuildFile section */
		921FABAA281B91770010FDFA /* ProfileViewController.swift in Sources */ = {isa = PBXBuildFile; fileRef = 921FABA9281B91770010FDFA /* ProfileViewController.swift */; };
		921FABAC281B91870010FDFA /* ProfileViewController.storyboard in Resources */ = {isa = PBXBuildFile; fileRef = 921FABAB281B91870010FDFA /* ProfileViewController.storyboard */; };
		921FABAE281B919C0010FDFA /* ProfileViewModel.swift in Sources */ = {isa = PBXBuildFile; fileRef = 921FABAD281B919C0010FDFA /* ProfileViewModel.swift */; };
		921FABB0281B91B00010FDFA /* ProfileModel.swift in Sources */ = {isa = PBXBuildFile; fileRef = 921FABAF281B91B00010FDFA /* ProfileModel.swift */; };
		921FABB2281B96460010FDFA /* UIViewController.swift in Sources */ = {isa = PBXBuildFile; fileRef = 921FABB1281B96460010FDFA /* UIViewController.swift */; };
		921FABB4281B966F0010FDFA /* UIStoryboard.swift in Sources */ = {isa = PBXBuildFile; fileRef = 921FABB3281B966F0010FDFA /* UIStoryboard.swift */; };
		921FABB9281EF19E0010FDFA /* ProfileOrderTableViewCell.swift in Sources */ = {isa = PBXBuildFile; fileRef = 921FABB7281EF19E0010FDFA /* ProfileOrderTableViewCell.swift */; };
		921FABBA281EF19E0010FDFA /* ProfileOrderTableViewCell.xib in Resources */ = {isa = PBXBuildFile; fileRef = 921FABB8281EF19E0010FDFA /* ProfileOrderTableViewCell.xib */; };
		921FABBE281EFBEA0010FDFA /* BookListViewController.swift in Sources */ = {isa = PBXBuildFile; fileRef = 921FABBD281EFBEA0010FDFA /* BookListViewController.swift */; };
		921FABC0281EFBFF0010FDFA /* BookListViewController.storyboard in Resources */ = {isa = PBXBuildFile; fileRef = 921FABBF281EFBFF0010FDFA /* BookListViewController.storyboard */; };
		921FABC2281EFC0F0010FDFA /* BookListViewModel.swift in Sources */ = {isa = PBXBuildFile; fileRef = 921FABC1281EFC0F0010FDFA /* BookListViewModel.swift */; };
		921FABC4281EFC1A0010FDFA /* BookListModel.swift in Sources */ = {isa = PBXBuildFile; fileRef = 921FABC3281EFC1A0010FDFA /* BookListModel.swift */; };
		921FABCA281EFD830010FDFA /* BookCollectionViewCell.swift in Sources */ = {isa = PBXBuildFile; fileRef = 921FABC8281EFD830010FDFA /* BookCollectionViewCell.swift */; };
		921FABCB281EFD830010FDFA /* BookCollectionViewCell.xib in Resources */ = {isa = PBXBuildFile; fileRef = 921FABC9281EFD830010FDFA /* BookCollectionViewCell.xib */; };
		921FABCD281EFF650010FDFA /* UIView.swift in Sources */ = {isa = PBXBuildFile; fileRef = 921FABCC281EFF650010FDFA /* UIView.swift */; };
		9249A160281F217900D40C4F /* BookDetailsViewController.swift in Sources */ = {isa = PBXBuildFile; fileRef = 9249A15F281F217900D40C4F /* BookDetailsViewController.swift */; };
		9249A162281F218B00D40C4F /* BookDetailsViewController.storyboard in Resources */ = {isa = PBXBuildFile; fileRef = 9249A161281F218B00D40C4F /* BookDetailsViewController.storyboard */; };
		9249A164281F219F00D40C4F /* BookDetailsViewModel.swift in Sources */ = {isa = PBXBuildFile; fileRef = 9249A163281F219F00D40C4F /* BookDetailsViewModel.swift */; };
		9249A166281F21DB00D40C4F /* BookDetailsModel.swift in Sources */ = {isa = PBXBuildFile; fileRef = 9249A165281F21DB00D40C4F /* BookDetailsModel.swift */; };
		9249A16C281F2EB600D40C4F /* ReviewsTableViewCell.swift in Sources */ = {isa = PBXBuildFile; fileRef = 9249A16A281F2EB600D40C4F /* ReviewsTableViewCell.swift */; };
		9249A16D281F2EB600D40C4F /* ReviewsTableViewCell.xib in Resources */ = {isa = PBXBuildFile; fileRef = 9249A16B281F2EB600D40C4F /* ReviewsTableViewCell.xib */; };
		9249A171281F438D00D40C4F /* CartBooksCollectionViewCell.swift in Sources */ = {isa = PBXBuildFile; fileRef = 9249A16F281F438D00D40C4F /* CartBooksCollectionViewCell.swift */; };
		9249A172281F438D00D40C4F /* CartBooksCollectionViewCell.xib in Resources */ = {isa = PBXBuildFile; fileRef = 9249A170281F438D00D40C4F /* CartBooksCollectionViewCell.xib */; };
		9249A175281F490400D40C4F /* CartViewController.swift in Sources */ = {isa = PBXBuildFile; fileRef = 9249A174281F490400D40C4F /* CartViewController.swift */; };
		9249A177281F491500D40C4F /* CartViewController.storyboard in Resources */ = {isa = PBXBuildFile; fileRef = 9249A176281F491500D40C4F /* CartViewController.storyboard */; };
		9249A179281F492100D40C4F /* CartViewModel.swift in Sources */ = {isa = PBXBuildFile; fileRef = 9249A178281F492100D40C4F /* CartViewModel.swift */; };
		9249A17B281F492D00D40C4F /* CartModel.swift in Sources */ = {isa = PBXBuildFile; fileRef = 9249A17A281F492D00D40C4F /* CartModel.swift */; };
		9249A17E281F53DB00D40C4F /* ShippingViewController.swift in Sources */ = {isa = PBXBuildFile; fileRef = 9249A17D281F53DB00D40C4F /* ShippingViewController.swift */; };
		9249A180281F540700D40C4F /* ShippingViewController.storyboard in Resources */ = {isa = PBXBuildFile; fileRef = 9249A17F281F540700D40C4F /* ShippingViewController.storyboard */; };
		9249A182281F541600D40C4F /* ShippingViewModel.swift in Sources */ = {isa = PBXBuildFile; fileRef = 9249A181281F541600D40C4F /* ShippingViewModel.swift */; };
		9249A184281F542A00D40C4F /* ShippingModel.swift in Sources */ = {isa = PBXBuildFile; fileRef = 9249A183281F542A00D40C4F /* ShippingModel.swift */; };
		9249A187281F722200D40C4F /* SummaryViewController.swift in Sources */ = {isa = PBXBuildFile; fileRef = 9249A186281F722200D40C4F /* SummaryViewController.swift */; };
		9249A189281F723700D40C4F /* SummaryViewController.storyboard in Resources */ = {isa = PBXBuildFile; fileRef = 9249A188281F723700D40C4F /* SummaryViewController.storyboard */; };
		9249A18B281F724900D40C4F /* SummaryViewModel.swift in Sources */ = {isa = PBXBuildFile; fileRef = 9249A18A281F724900D40C4F /* SummaryViewModel.swift */; };
		9249A18D281F725500D40C4F /* SummaryModel.swift in Sources */ = {isa = PBXBuildFile; fileRef = 9249A18C281F725500D40C4F /* SummaryModel.swift */; };
		9249A190282063D700D40C4F /* PaymentViewController.swift in Sources */ = {isa = PBXBuildFile; fileRef = 9249A18F282063D700D40C4F /* PaymentViewController.swift */; };
		9249A192282063EE00D40C4F /* PaymentViewController.storyboard in Resources */ = {isa = PBXBuildFile; fileRef = 9249A191282063EE00D40C4F /* PaymentViewController.storyboard */; };
		9249A194282063FF00D40C4F /* PaymentViewModel.swift in Sources */ = {isa = PBXBuildFile; fileRef = 9249A193282063FF00D40C4F /* PaymentViewModel.swift */; };
		9249A1962820640C00D40C4F /* PaymentModel.swift in Sources */ = {isa = PBXBuildFile; fileRef = 9249A1952820640C00D40C4F /* PaymentModel.swift */; };
		9249A19828218DBA00D40C4F /* ProductServices.swift in Sources */ = {isa = PBXBuildFile; fileRef = 9249A19728218DBA00D40C4F /* ProductServices.swift */; };
		9249A19A282192AE00D40C4F /* Strings.swift in Sources */ = {isa = PBXBuildFile; fileRef = 9249A199282192AE00D40C4F /* Strings.swift */; };
		92A5C8AD2817690E003583D8 /* AppDelegate.swift in Sources */ = {isa = PBXBuildFile; fileRef = 92A5C8AC2817690E003583D8 /* AppDelegate.swift */; };
		92A5C8AF2817690E003583D8 /* SceneDelegate.swift in Sources */ = {isa = PBXBuildFile; fileRef = 92A5C8AE2817690E003583D8 /* SceneDelegate.swift */; };
		92A5C8B62817690F003583D8 /* Assets.xcassets in Resources */ = {isa = PBXBuildFile; fileRef = 92A5C8B52817690F003583D8 /* Assets.xcassets */; };
		92A5C8B92817690F003583D8 /* LaunchScreen.storyboard in Resources */ = {isa = PBXBuildFile; fileRef = 92A5C8B72817690F003583D8 /* LaunchScreen.storyboard */; };
		92A5C8C4281A0C45003583D8 /* ServiceManager.swift in Sources */ = {isa = PBXBuildFile; fileRef = 92A5C8C3281A0C45003583D8 /* ServiceManager.swift */; };
		92A5C8C6281A1D53003583D8 /* Authorization.swift in Sources */ = {isa = PBXBuildFile; fileRef = 92A5C8C5281A1D53003583D8 /* Authorization.swift */; };
		92A5C8C9281A1E12003583D8 /* Utils.swift in Sources */ = {isa = PBXBuildFile; fileRef = 92A5C8C8281A1E12003583D8 /* Utils.swift */; };
		92A5C8CB281A1E72003583D8 /* Constants.swift in Sources */ = {isa = PBXBuildFile; fileRef = 92A5C8CA281A1E72003583D8 /* Constants.swift */; };
		92A5C8CE281B50F9003583D8 /* UserServices.swift in Sources */ = {isa = PBXBuildFile; fileRef = 92A5C8CD281B50F9003583D8 /* UserServices.swift */; };
		92A5C8D2281B5687003583D8 /* LoginViewController.swift in Sources */ = {isa = PBXBuildFile; fileRef = 92A5C8D1281B5687003583D8 /* LoginViewController.swift */; };
		92A5C8D4281B5697003583D8 /* LoginViewController.storyboard in Resources */ = {isa = PBXBuildFile; fileRef = 92A5C8D3281B5697003583D8 /* LoginViewController.storyboard */; };
		92A5C8D6281B56AD003583D8 /* LoginViewModel.swift in Sources */ = {isa = PBXBuildFile; fileRef = 92A5C8D5281B56AD003583D8 /* LoginViewModel.swift */; };
		92A5C8D8281B56BC003583D8 /* LoginModel.swift in Sources */ = {isa = PBXBuildFile; fileRef = 92A5C8D7281B56BC003583D8 /* LoginModel.swift */; };
		92A5C8DB281B5E6C003583D8 /* Encodable.swift in Sources */ = {isa = PBXBuildFile; fileRef = 92A5C8DA281B5E6C003583D8 /* Encodable.swift */; };
		92A5C8DD281B6843003583D8 /* ViewController.swift in Sources */ = {isa = PBXBuildFile; fileRef = 92A5C8DC281B6843003583D8 /* ViewController.swift */; };
		92A5C8E1281B7458003583D8 /* HomeViewController.swift in Sources */ = {isa = PBXBuildFile; fileRef = 92A5C8E0281B7458003583D8 /* HomeViewController.swift */; };
		92A5C8E3281B7474003583D8 /* HomeViewController.storyboard in Resources */ = {isa = PBXBuildFile; fileRef = 92A5C8E2281B7474003583D8 /* HomeViewController.storyboard */; };
		92A5C8E5281B74CD003583D8 /* AppNavigationController.swift in Sources */ = {isa = PBXBuildFile; fileRef = 92A5C8E4281B74CD003583D8 /* AppNavigationController.swift */; };
		C49F5A8A0C0DA51831E85937 /* Pods_BookShelf.framework in Frameworks */ = {isa = PBXBuildFile; fileRef = EC0E6334ECF22E0AB98DC91D /* Pods_BookShelf.framework */; };
/* End PBXBuildFile section */

/* Begin PBXFileReference section */
		182C595E88443FD272F92AC6 /* Pods-BookShelf.release.xcconfig */ = {isa = PBXFileReference; includeInIndex = 1; lastKnownFileType = text.xcconfig; name = "Pods-BookShelf.release.xcconfig"; path = "Target Support Files/Pods-BookShelf/Pods-BookShelf.release.xcconfig"; sourceTree = "<group>"; };
		921FABA9281B91770010FDFA /* ProfileViewController.swift */ = {isa = PBXFileReference; lastKnownFileType = sourcecode.swift; path = ProfileViewController.swift; sourceTree = "<group>"; };
		921FABAB281B91870010FDFA /* ProfileViewController.storyboard */ = {isa = PBXFileReference; lastKnownFileType = file.storyboard; path = ProfileViewController.storyboard; sourceTree = "<group>"; };
		921FABAD281B919C0010FDFA /* ProfileViewModel.swift */ = {isa = PBXFileReference; lastKnownFileType = sourcecode.swift; path = ProfileViewModel.swift; sourceTree = "<group>"; };
		921FABAF281B91B00010FDFA /* ProfileModel.swift */ = {isa = PBXFileReference; lastKnownFileType = sourcecode.swift; path = ProfileModel.swift; sourceTree = "<group>"; };
		921FABB1281B96460010FDFA /* UIViewController.swift */ = {isa = PBXFileReference; lastKnownFileType = sourcecode.swift; path = UIViewController.swift; sourceTree = "<group>"; };
		921FABB3281B966F0010FDFA /* UIStoryboard.swift */ = {isa = PBXFileReference; lastKnownFileType = sourcecode.swift; path = UIStoryboard.swift; sourceTree = "<group>"; };
		921FABB7281EF19E0010FDFA /* ProfileOrderTableViewCell.swift */ = {isa = PBXFileReference; lastKnownFileType = sourcecode.swift; path = ProfileOrderTableViewCell.swift; sourceTree = "<group>"; };
		921FABB8281EF19E0010FDFA /* ProfileOrderTableViewCell.xib */ = {isa = PBXFileReference; lastKnownFileType = file.xib; path = ProfileOrderTableViewCell.xib; sourceTree = "<group>"; };
		921FABBD281EFBEA0010FDFA /* BookListViewController.swift */ = {isa = PBXFileReference; lastKnownFileType = sourcecode.swift; path = BookListViewController.swift; sourceTree = "<group>"; };
		921FABBF281EFBFF0010FDFA /* BookListViewController.storyboard */ = {isa = PBXFileReference; lastKnownFileType = file.storyboard; path = BookListViewController.storyboard; sourceTree = "<group>"; };
		921FABC1281EFC0F0010FDFA /* BookListViewModel.swift */ = {isa = PBXFileReference; lastKnownFileType = sourcecode.swift; path = BookListViewModel.swift; sourceTree = "<group>"; };
		921FABC3281EFC1A0010FDFA /* BookListModel.swift */ = {isa = PBXFileReference; lastKnownFileType = sourcecode.swift; path = BookListModel.swift; sourceTree = "<group>"; };
		921FABC8281EFD830010FDFA /* BookCollectionViewCell.swift */ = {isa = PBXFileReference; lastKnownFileType = sourcecode.swift; path = BookCollectionViewCell.swift; sourceTree = "<group>"; };
		921FABC9281EFD830010FDFA /* BookCollectionViewCell.xib */ = {isa = PBXFileReference; lastKnownFileType = file.xib; path = BookCollectionViewCell.xib; sourceTree = "<group>"; };
		921FABCC281EFF650010FDFA /* UIView.swift */ = {isa = PBXFileReference; lastKnownFileType = sourcecode.swift; path = UIView.swift; sourceTree = "<group>"; };
		9249A15F281F217900D40C4F /* BookDetailsViewController.swift */ = {isa = PBXFileReference; lastKnownFileType = sourcecode.swift; path = BookDetailsViewController.swift; sourceTree = "<group>"; };
		9249A161281F218B00D40C4F /* BookDetailsViewController.storyboard */ = {isa = PBXFileReference; lastKnownFileType = file.storyboard; path = BookDetailsViewController.storyboard; sourceTree = "<group>"; };
		9249A163281F219F00D40C4F /* BookDetailsViewModel.swift */ = {isa = PBXFileReference; lastKnownFileType = sourcecode.swift; path = BookDetailsViewModel.swift; sourceTree = "<group>"; };
		9249A165281F21DB00D40C4F /* BookDetailsModel.swift */ = {isa = PBXFileReference; lastKnownFileType = sourcecode.swift; path = BookDetailsModel.swift; sourceTree = "<group>"; };
		9249A16A281F2EB600D40C4F /* ReviewsTableViewCell.swift */ = {isa = PBXFileReference; lastKnownFileType = sourcecode.swift; path = ReviewsTableViewCell.swift; sourceTree = "<group>"; };
		9249A16B281F2EB600D40C4F /* ReviewsTableViewCell.xib */ = {isa = PBXFileReference; lastKnownFileType = file.xib; path = ReviewsTableViewCell.xib; sourceTree = "<group>"; };
		9249A16F281F438D00D40C4F /* CartBooksCollectionViewCell.swift */ = {isa = PBXFileReference; lastKnownFileType = sourcecode.swift; path = CartBooksCollectionViewCell.swift; sourceTree = "<group>"; };
		9249A170281F438D00D40C4F /* CartBooksCollectionViewCell.xib */ = {isa = PBXFileReference; lastKnownFileType = file.xib; path = CartBooksCollectionViewCell.xib; sourceTree = "<group>"; };
		9249A174281F490400D40C4F /* CartViewController.swift */ = {isa = PBXFileReference; lastKnownFileType = sourcecode.swift; path = CartViewController.swift; sourceTree = "<group>"; };
		9249A176281F491500D40C4F /* CartViewController.storyboard */ = {isa = PBXFileReference; lastKnownFileType = file.storyboard; path = CartViewController.storyboard; sourceTree = "<group>"; };
		9249A178281F492100D40C4F /* CartViewModel.swift */ = {isa = PBXFileReference; lastKnownFileType = sourcecode.swift; path = CartViewModel.swift; sourceTree = "<group>"; };
		9249A17A281F492D00D40C4F /* CartModel.swift */ = {isa = PBXFileReference; lastKnownFileType = sourcecode.swift; path = CartModel.swift; sourceTree = "<group>"; };
		9249A17D281F53DB00D40C4F /* ShippingViewController.swift */ = {isa = PBXFileReference; lastKnownFileType = sourcecode.swift; path = ShippingViewController.swift; sourceTree = "<group>"; };
		9249A17F281F540700D40C4F /* ShippingViewController.storyboard */ = {isa = PBXFileReference; lastKnownFileType = file.storyboard; path = ShippingViewController.storyboard; sourceTree = "<group>"; };
		9249A181281F541600D40C4F /* ShippingViewModel.swift */ = {isa = PBXFileReference; lastKnownFileType = sourcecode.swift; path = ShippingViewModel.swift; sourceTree = "<group>"; };
		9249A183281F542A00D40C4F /* ShippingModel.swift */ = {isa = PBXFileReference; lastKnownFileType = sourcecode.swift; path = ShippingModel.swift; sourceTree = "<group>"; };
		9249A186281F722200D40C4F /* SummaryViewController.swift */ = {isa = PBXFileReference; lastKnownFileType = sourcecode.swift; path = SummaryViewController.swift; sourceTree = "<group>"; };
		9249A188281F723700D40C4F /* SummaryViewController.storyboard */ = {isa = PBXFileReference; lastKnownFileType = file.storyboard; path = SummaryViewController.storyboard; sourceTree = "<group>"; };
		9249A18A281F724900D40C4F /* SummaryViewModel.swift */ = {isa = PBXFileReference; lastKnownFileType = sourcecode.swift; path = SummaryViewModel.swift; sourceTree = "<group>"; };
		9249A18C281F725500D40C4F /* SummaryModel.swift */ = {isa = PBXFileReference; lastKnownFileType = sourcecode.swift; path = SummaryModel.swift; sourceTree = "<group>"; };
		9249A18F282063D700D40C4F /* PaymentViewController.swift */ = {isa = PBXFileReference; lastKnownFileType = sourcecode.swift; path = PaymentViewController.swift; sourceTree = "<group>"; };
		9249A191282063EE00D40C4F /* PaymentViewController.storyboard */ = {isa = PBXFileReference; lastKnownFileType = file.storyboard; path = PaymentViewController.storyboard; sourceTree = "<group>"; };
		9249A193282063FF00D40C4F /* PaymentViewModel.swift */ = {isa = PBXFileReference; lastKnownFileType = sourcecode.swift; path = PaymentViewModel.swift; sourceTree = "<group>"; };
		9249A1952820640C00D40C4F /* PaymentModel.swift */ = {isa = PBXFileReference; lastKnownFileType = sourcecode.swift; path = PaymentModel.swift; sourceTree = "<group>"; };
		9249A19728218DBA00D40C4F /* ProductServices.swift */ = {isa = PBXFileReference; lastKnownFileType = sourcecode.swift; path = ProductServices.swift; sourceTree = "<group>"; };
		9249A199282192AE00D40C4F /* Strings.swift */ = {isa = PBXFileReference; lastKnownFileType = sourcecode.swift; path = Strings.swift; sourceTree = "<group>"; };
		92A5C8A92817690E003583D8 /* BookShelf.app */ = {isa = PBXFileReference; explicitFileType = wrapper.application; includeInIndex = 0; path = BookShelf.app; sourceTree = BUILT_PRODUCTS_DIR; };
		92A5C8AC2817690E003583D8 /* AppDelegate.swift */ = {isa = PBXFileReference; lastKnownFileType = sourcecode.swift; path = AppDelegate.swift; sourceTree = "<group>"; };
		92A5C8AE2817690E003583D8 /* SceneDelegate.swift */ = {isa = PBXFileReference; lastKnownFileType = sourcecode.swift; path = SceneDelegate.swift; sourceTree = "<group>"; };
		92A5C8B52817690F003583D8 /* Assets.xcassets */ = {isa = PBXFileReference; lastKnownFileType = folder.assetcatalog; path = Assets.xcassets; sourceTree = "<group>"; };
		92A5C8B82817690F003583D8 /* Base */ = {isa = PBXFileReference; lastKnownFileType = file.storyboard; name = Base; path = Base.lproj/LaunchScreen.storyboard; sourceTree = "<group>"; };
		92A5C8BA2817690F003583D8 /* Info.plist */ = {isa = PBXFileReference; lastKnownFileType = text.plist.xml; path = Info.plist; sourceTree = "<group>"; };
		92A5C8C3281A0C45003583D8 /* ServiceManager.swift */ = {isa = PBXFileReference; lastKnownFileType = sourcecode.swift; path = ServiceManager.swift; sourceTree = "<group>"; };
		92A5C8C5281A1D53003583D8 /* Authorization.swift */ = {isa = PBXFileReference; lastKnownFileType = sourcecode.swift; path = Authorization.swift; sourceTree = "<group>"; };
		92A5C8C8281A1E12003583D8 /* Utils.swift */ = {isa = PBXFileReference; lastKnownFileType = sourcecode.swift; path = Utils.swift; sourceTree = "<group>"; };
		92A5C8CA281A1E72003583D8 /* Constants.swift */ = {isa = PBXFileReference; lastKnownFileType = sourcecode.swift; path = Constants.swift; sourceTree = "<group>"; };
		92A5C8CD281B50F9003583D8 /* UserServices.swift */ = {isa = PBXFileReference; lastKnownFileType = sourcecode.swift; path = UserServices.swift; sourceTree = "<group>"; };
		92A5C8D1281B5687003583D8 /* LoginViewController.swift */ = {isa = PBXFileReference; lastKnownFileType = sourcecode.swift; path = LoginViewController.swift; sourceTree = "<group>"; };
		92A5C8D3281B5697003583D8 /* LoginViewController.storyboard */ = {isa = PBXFileReference; lastKnownFileType = file.storyboard; path = LoginViewController.storyboard; sourceTree = "<group>"; };
		92A5C8D5281B56AD003583D8 /* LoginViewModel.swift */ = {isa = PBXFileReference; lastKnownFileType = sourcecode.swift; path = LoginViewModel.swift; sourceTree = "<group>"; };
		92A5C8D7281B56BC003583D8 /* LoginModel.swift */ = {isa = PBXFileReference; lastKnownFileType = sourcecode.swift; path = LoginModel.swift; sourceTree = "<group>"; };
		92A5C8DA281B5E6C003583D8 /* Encodable.swift */ = {isa = PBXFileReference; lastKnownFileType = sourcecode.swift; path = Encodable.swift; sourceTree = "<group>"; };
		92A5C8DC281B6843003583D8 /* ViewController.swift */ = {isa = PBXFileReference; lastKnownFileType = sourcecode.swift; path = ViewController.swift; sourceTree = "<group>"; };
		92A5C8E0281B7458003583D8 /* HomeViewController.swift */ = {isa = PBXFileReference; lastKnownFileType = sourcecode.swift; path = HomeViewController.swift; sourceTree = "<group>"; };
		92A5C8E2281B7474003583D8 /* HomeViewController.storyboard */ = {isa = PBXFileReference; lastKnownFileType = file.storyboard; path = HomeViewController.storyboard; sourceTree = "<group>"; };
		92A5C8E4281B74CD003583D8 /* AppNavigationController.swift */ = {isa = PBXFileReference; lastKnownFileType = sourcecode.swift; path = AppNavigationController.swift; sourceTree = "<group>"; };
		CA790D6578295E7B307873DE /* Pods-BookShelf.debug.xcconfig */ = {isa = PBXFileReference; includeInIndex = 1; lastKnownFileType = text.xcconfig; name = "Pods-BookShelf.debug.xcconfig"; path = "Target Support Files/Pods-BookShelf/Pods-BookShelf.debug.xcconfig"; sourceTree = "<group>"; };
		EC0E6334ECF22E0AB98DC91D /* Pods_BookShelf.framework */ = {isa = PBXFileReference; explicitFileType = wrapper.framework; includeInIndex = 0; path = Pods_BookShelf.framework; sourceTree = BUILT_PRODUCTS_DIR; };
/* End PBXFileReference section */

/* Begin PBXFrameworksBuildPhase section */
		92A5C8A62817690E003583D8 /* Frameworks */ = {
			isa = PBXFrameworksBuildPhase;
			buildActionMask = 2147483647;
			files = (
				C49F5A8A0C0DA51831E85937 /* Pods_BookShelf.framework in Frameworks */,
			);
			runOnlyForDeploymentPostprocessing = 0;
		};
/* End PBXFrameworksBuildPhase section */

/* Begin PBXGroup section */
		061FD70A3780ACE84DC3844A /* Frameworks */ = {
			isa = PBXGroup;
			children = (
				EC0E6334ECF22E0AB98DC91D /* Pods_BookShelf.framework */,
			);
			name = Frameworks;
			sourceTree = "<group>";
		};
		921FABB5281EF1720010FDFA /* Cells */ = {
			isa = PBXGroup;
			children = (
				921FABC5281EFCC70010FDFA /* CollectionViewCells */,
				921FABB6281EF17D0010FDFA /* TableViewCells */,
			);
			path = Cells;
			sourceTree = "<group>";
		};
		921FABB6281EF17D0010FDFA /* TableViewCells */ = {
			isa = PBXGroup;
			children = (
				9249A169281F2E9100D40C4F /* Reviews */,
				9249A167281F2E6B00D40C4F /* ProfileOrder */,
			);
			path = TableViewCells;
			sourceTree = "<group>";
		};
		921FABBB281EFB280010FDFA /* BookListViewController */ = {
			isa = PBXGroup;
			children = (
				921FABBD281EFBEA0010FDFA /* BookListViewController.swift */,
				921FABBF281EFBFF0010FDFA /* BookListViewController.storyboard */,
				921FABC1281EFC0F0010FDFA /* BookListViewModel.swift */,
				921FABC3281EFC1A0010FDFA /* BookListModel.swift */,
			);
			path = BookListViewController;
			sourceTree = "<group>";
		};
		921FABC5281EFCC70010FDFA /* CollectionViewCells */ = {
			isa = PBXGroup;
			children = (
				9249A16E281F437400D40C4F /* CartBooks */,
				9249A168281F2E8200D40C4F /* Books */,
			);
			path = CollectionViewCells;
			sourceTree = "<group>";
		};
		9249A15E281F215C00D40C4F /* BookDetailsViewController */ = {
			isa = PBXGroup;
			children = (
				9249A15F281F217900D40C4F /* BookDetailsViewController.swift */,
				9249A161281F218B00D40C4F /* BookDetailsViewController.storyboard */,
				9249A163281F219F00D40C4F /* BookDetailsViewModel.swift */,
				9249A165281F21DB00D40C4F /* BookDetailsModel.swift */,
			);
			path = BookDetailsViewController;
			sourceTree = "<group>";
		};
		9249A167281F2E6B00D40C4F /* ProfileOrder */ = {
			isa = PBXGroup;
			children = (
				921FABB7281EF19E0010FDFA /* ProfileOrderTableViewCell.swift */,
				921FABB8281EF19E0010FDFA /* ProfileOrderTableViewCell.xib */,
			);
			path = ProfileOrder;
			sourceTree = "<group>";
		};
		9249A168281F2E8200D40C4F /* Books */ = {
			isa = PBXGroup;
			children = (
				921FABC8281EFD830010FDFA /* BookCollectionViewCell.swift */,
				921FABC9281EFD830010FDFA /* BookCollectionViewCell.xib */,
			);
			path = Books;
			sourceTree = "<group>";
		};
		9249A169281F2E9100D40C4F /* Reviews */ = {
			isa = PBXGroup;
			children = (
				9249A16A281F2EB600D40C4F /* ReviewsTableViewCell.swift */,
				9249A16B281F2EB600D40C4F /* ReviewsTableViewCell.xib */,
			);
			path = Reviews;
			sourceTree = "<group>";
		};
		9249A16E281F437400D40C4F /* CartBooks */ = {
			isa = PBXGroup;
			children = (
				9249A16F281F438D00D40C4F /* CartBooksCollectionViewCell.swift */,
				9249A170281F438D00D40C4F /* CartBooksCollectionViewCell.xib */,
			);
			path = CartBooks;
			sourceTree = "<group>";
		};
		9249A173281F48EC00D40C4F /* CartViewController */ = {
			isa = PBXGroup;
			children = (
				9249A174281F490400D40C4F /* CartViewController.swift */,
				9249A176281F491500D40C4F /* CartViewController.storyboard */,
				9249A178281F492100D40C4F /* CartViewModel.swift */,
				9249A17A281F492D00D40C4F /* CartModel.swift */,
			);
			path = CartViewController;
			sourceTree = "<group>";
		};
		9249A17C281F53B000D40C4F /* ShippingViewController */ = {
			isa = PBXGroup;
			children = (
				9249A17D281F53DB00D40C4F /* ShippingViewController.swift */,
				9249A17F281F540700D40C4F /* ShippingViewController.storyboard */,
				9249A181281F541600D40C4F /* ShippingViewModel.swift */,
				9249A183281F542A00D40C4F /* ShippingModel.swift */,
			);
			path = ShippingViewController;
			sourceTree = "<group>";
		};
		9249A185281F71CE00D40C4F /* SummaryViewController */ = {
			isa = PBXGroup;
			children = (
				9249A186281F722200D40C4F /* SummaryViewController.swift */,
				9249A188281F723700D40C4F /* SummaryViewController.storyboard */,
				9249A18A281F724900D40C4F /* SummaryViewModel.swift */,
				9249A18C281F725500D40C4F /* SummaryModel.swift */,
			);
			path = SummaryViewController;
			sourceTree = "<group>";
		};
		9249A18E282063BB00D40C4F /* PaymentViewController */ = {
			isa = PBXGroup;
			children = (
				9249A18F282063D700D40C4F /* PaymentViewController.swift */,
				9249A191282063EE00D40C4F /* PaymentViewController.storyboard */,
				9249A193282063FF00D40C4F /* PaymentViewModel.swift */,
				9249A1952820640C00D40C4F /* PaymentModel.swift */,
			);
			path = PaymentViewController;
			sourceTree = "<group>";
		};
		92A5C8A02817690E003583D8 = {
			isa = PBXGroup;
			children = (
				92A5C8AB2817690E003583D8 /* BookShelf */,
				92A5C8AA2817690E003583D8 /* Products */,
				C845DE1BE87B6F94D87D7004 /* Pods */,
				061FD70A3780ACE84DC3844A /* Frameworks */,
			);
			sourceTree = "<group>";
		};
		92A5C8AA2817690E003583D8 /* Products */ = {
			isa = PBXGroup;
			children = (
				92A5C8A92817690E003583D8 /* BookShelf.app */,
			);
			name = Products;
			sourceTree = "<group>";
		};
		92A5C8AB2817690E003583D8 /* BookShelf */ = {
			isa = PBXGroup;
			children = (
				921FABB5281EF1720010FDFA /* Cells */,
				92A5C8D9281B5E33003583D8 /* Extensions */,
				92A5C8CF281B5668003583D8 /* ViewControllers */,
				92A5C8CC281B508F003583D8 /* Services */,
				92A5C8C7281A1E05003583D8 /* Utils */,
				92A5C8C0281A0BB4003583D8 /* Manager */,
				92A5C8AC2817690E003583D8 /* AppDelegate.swift */,
				92A5C8AE2817690E003583D8 /* SceneDelegate.swift */,
				92A5C8B52817690F003583D8 /* Assets.xcassets */,
				92A5C8B72817690F003583D8 /* LaunchScreen.storyboard */,
				92A5C8BA2817690F003583D8 /* Info.plist */,
			);
			path = BookShelf;
			sourceTree = "<group>";
		};
		92A5C8C0281A0BB4003583D8 /* Manager */ = {
			isa = PBXGroup;
			children = (
				92A5C8C3281A0C45003583D8 /* ServiceManager.swift */,
				92A5C8C5281A1D53003583D8 /* Authorization.swift */,
			);
			path = Manager;
			sourceTree = "<group>";
		};
		92A5C8C7281A1E05003583D8 /* Utils */ = {
			isa = PBXGroup;
			children = (
				92A5C8C8281A1E12003583D8 /* Utils.swift */,
				92A5C8CA281A1E72003583D8 /* Constants.swift */,
				9249A199282192AE00D40C4F /* Strings.swift */,
			);
			path = Utils;
			sourceTree = "<group>";
		};
		92A5C8CC281B508F003583D8 /* Services */ = {
			isa = PBXGroup;
			children = (
				92A5C8CD281B50F9003583D8 /* UserServices.swift */,
				9249A19728218DBA00D40C4F /* ProductServices.swift */,
			);
			path = Services;
			sourceTree = "<group>";
		};
		92A5C8CF281B5668003583D8 /* ViewControllers */ = {
			isa = PBXGroup;
			children = (
				9249A18E282063BB00D40C4F /* PaymentViewController */,
				9249A185281F71CE00D40C4F /* SummaryViewController */,
				9249A17C281F53B000D40C4F /* ShippingViewController */,
				9249A173281F48EC00D40C4F /* CartViewController */,
				9249A15E281F215C00D40C4F /* BookDetailsViewController */,
				921FABBB281EFB280010FDFA /* BookListViewController */,
				92A5C8E7281B909E003583D8 /* ProfileViewController */,
				92A5C8DF281B7339003583D8 /* HomeViewController */,
				92A5C8D0281B5671003583D8 /* LoginViewController */,
				92A5C8DC281B6843003583D8 /* ViewController.swift */,
			);
			path = ViewControllers;
			sourceTree = "<group>";
		};
		92A5C8D0281B5671003583D8 /* LoginViewController */ = {
			isa = PBXGroup;
			children = (
				92A5C8D1281B5687003583D8 /* LoginViewController.swift */,
				92A5C8D3281B5697003583D8 /* LoginViewController.storyboard */,
				92A5C8D5281B56AD003583D8 /* LoginViewModel.swift */,
				92A5C8D7281B56BC003583D8 /* LoginModel.swift */,
			);
			path = LoginViewController;
			sourceTree = "<group>";
		};
		92A5C8D9281B5E33003583D8 /* Extensions */ = {
			isa = PBXGroup;
			children = (
				92A5C8DA281B5E6C003583D8 /* Encodable.swift */,
				921FABB1281B96460010FDFA /* UIViewController.swift */,
				921FABB3281B966F0010FDFA /* UIStoryboard.swift */,
				921FABCC281EFF650010FDFA /* UIView.swift */,
			);
			path = Extensions;
			sourceTree = "<group>";
		};
		92A5C8DF281B7339003583D8 /* HomeViewController */ = {
			isa = PBXGroup;
			children = (
				92A5C8E0281B7458003583D8 /* HomeViewController.swift */,
				92A5C8E2281B7474003583D8 /* HomeViewController.storyboard */,
				92A5C8E4281B74CD003583D8 /* AppNavigationController.swift */,
			);
			name = HomeViewController;
			path = HomeViewController/HomeViewController;
			sourceTree = "<group>";
		};
		92A5C8E7281B909E003583D8 /* ProfileViewController */ = {
			isa = PBXGroup;
			children = (
				921FABA9281B91770010FDFA /* ProfileViewController.swift */,
				921FABAB281B91870010FDFA /* ProfileViewController.storyboard */,
				921FABAD281B919C0010FDFA /* ProfileViewModel.swift */,
				921FABAF281B91B00010FDFA /* ProfileModel.swift */,
			);
			path = ProfileViewController;
			sourceTree = "<group>";
		};
		C845DE1BE87B6F94D87D7004 /* Pods */ = {
			isa = PBXGroup;
			children = (
				CA790D6578295E7B307873DE /* Pods-BookShelf.debug.xcconfig */,
				182C595E88443FD272F92AC6 /* Pods-BookShelf.release.xcconfig */,
			);
			path = Pods;
			sourceTree = "<group>";
		};
/* End PBXGroup section */

/* Begin PBXNativeTarget section */
		92A5C8A82817690E003583D8 /* BookShelf */ = {
			isa = PBXNativeTarget;
			buildConfigurationList = 92A5C8BD2817690F003583D8 /* Build configuration list for PBXNativeTarget "BookShelf" */;
			buildPhases = (
				0665CAE8BEC18E146B4EACB4 /* [CP] Check Pods Manifest.lock */,
				92A5C8A52817690E003583D8 /* Sources */,
				92A5C8A62817690E003583D8 /* Frameworks */,
				92A5C8A72817690E003583D8 /* Resources */,
				3008E4B31094EA1F2834CE56 /* [CP] Embed Pods Frameworks */,
			);
			buildRules = (
			);
			dependencies = (
			);
			name = BookShelf;
			productName = BookShelf;
			productReference = 92A5C8A92817690E003583D8 /* BookShelf.app */;
			productType = "com.apple.product-type.application";
		};
/* End PBXNativeTarget section */

/* Begin PBXProject section */
		92A5C8A12817690E003583D8 /* Project object */ = {
			isa = PBXProject;
			attributes = {
				BuildIndependentTargetsInParallel = 1;
				LastSwiftUpdateCheck = 1330;
				LastUpgradeCheck = 1330;
				TargetAttributes = {
					92A5C8A82817690E003583D8 = {
						CreatedOnToolsVersion = 13.3.1;
					};
				};
			};
			buildConfigurationList = 92A5C8A42817690E003583D8 /* Build configuration list for PBXProject "BookShelf" */;
			compatibilityVersion = "Xcode 13.0";
			developmentRegion = en;
			hasScannedForEncodings = 0;
			knownRegions = (
				en,
				Base,
			);
			mainGroup = 92A5C8A02817690E003583D8;
			productRefGroup = 92A5C8AA2817690E003583D8 /* Products */;
			projectDirPath = "";
			projectRoot = "";
			targets = (
				92A5C8A82817690E003583D8 /* BookShelf */,
			);
		};
/* End PBXProject section */

/* Begin PBXResourcesBuildPhase section */
		92A5C8A72817690E003583D8 /* Resources */ = {
			isa = PBXResourcesBuildPhase;
			buildActionMask = 2147483647;
			files = (
				921FABBA281EF19E0010FDFA /* ProfileOrderTableViewCell.xib in Resources */,
				9249A16D281F2EB600D40C4F /* ReviewsTableViewCell.xib in Resources */,
				92A5C8E3281B7474003583D8 /* HomeViewController.storyboard in Resources */,
				9249A180281F540700D40C4F /* ShippingViewController.storyboard in Resources */,
				92A5C8B92817690F003583D8 /* LaunchScreen.storyboard in Resources */,
				92A5C8D4281B5697003583D8 /* LoginViewController.storyboard in Resources */,
				9249A189281F723700D40C4F /* SummaryViewController.storyboard in Resources */,
				9249A162281F218B00D40C4F /* BookDetailsViewController.storyboard in Resources */,
				921FABAC281B91870010FDFA /* ProfileViewController.storyboard in Resources */,
				921FABCB281EFD830010FDFA /* BookCollectionViewCell.xib in Resources */,
				921FABC0281EFBFF0010FDFA /* BookListViewController.storyboard in Resources */,
				9249A177281F491500D40C4F /* CartViewController.storyboard in Resources */,
				9249A192282063EE00D40C4F /* PaymentViewController.storyboard in Resources */,
				9249A172281F438D00D40C4F /* CartBooksCollectionViewCell.xib in Resources */,
				92A5C8B62817690F003583D8 /* Assets.xcassets in Resources */,
			);
			runOnlyForDeploymentPostprocessing = 0;
		};
/* End PBXResourcesBuildPhase section */

/* Begin PBXShellScriptBuildPhase section */
		0665CAE8BEC18E146B4EACB4 /* [CP] Check Pods Manifest.lock */ = {
			isa = PBXShellScriptBuildPhase;
			buildActionMask = 2147483647;
			files = (
			);
			inputFileListPaths = (
			);
			inputPaths = (
				"${PODS_PODFILE_DIR_PATH}/Podfile.lock",
				"${PODS_ROOT}/Manifest.lock",
			);
			name = "[CP] Check Pods Manifest.lock";
			outputFileListPaths = (
			);
			outputPaths = (
				"$(DERIVED_FILE_DIR)/Pods-BookShelf-checkManifestLockResult.txt",
			);
			runOnlyForDeploymentPostprocessing = 0;
			shellPath = /bin/sh;
			shellScript = "diff \"${PODS_PODFILE_DIR_PATH}/Podfile.lock\" \"${PODS_ROOT}/Manifest.lock\" > /dev/null\nif [ $? != 0 ] ; then\n    # print error to STDERR\n    echo \"error: The sandbox is not in sync with the Podfile.lock. Run 'pod install' or update your CocoaPods installation.\" >&2\n    exit 1\nfi\n# This output is used by Xcode 'outputs' to avoid re-running this script phase.\necho \"SUCCESS\" > \"${SCRIPT_OUTPUT_FILE_0}\"\n";
			showEnvVarsInLog = 0;
		};
		3008E4B31094EA1F2834CE56 /* [CP] Embed Pods Frameworks */ = {
			isa = PBXShellScriptBuildPhase;
			buildActionMask = 2147483647;
			files = (
			);
			inputFileListPaths = (
				"${PODS_ROOT}/Target Support Files/Pods-BookShelf/Pods-BookShelf-frameworks-${CONFIGURATION}-input-files.xcfilelist",
			);
			name = "[CP] Embed Pods Frameworks";
			outputFileListPaths = (
				"${PODS_ROOT}/Target Support Files/Pods-BookShelf/Pods-BookShelf-frameworks-${CONFIGURATION}-output-files.xcfilelist",
			);
			runOnlyForDeploymentPostprocessing = 0;
			shellPath = /bin/sh;
			shellScript = "\"${PODS_ROOT}/Target Support Files/Pods-BookShelf/Pods-BookShelf-frameworks.sh\"\n";
			showEnvVarsInLog = 0;
		};
/* End PBXShellScriptBuildPhase section */

/* Begin PBXSourcesBuildPhase section */
		92A5C8A52817690E003583D8 /* Sources */ = {
			isa = PBXSourcesBuildPhase;
			buildActionMask = 2147483647;
			files = (
				921FABB4281B966F0010FDFA /* UIStoryboard.swift in Sources */,
				92A5C8D2281B5687003583D8 /* LoginViewController.swift in Sources */,
				9249A18D281F725500D40C4F /* SummaryModel.swift in Sources */,
				9249A160281F217900D40C4F /* BookDetailsViewController.swift in Sources */,
				9249A171281F438D00D40C4F /* CartBooksCollectionViewCell.swift in Sources */,
				9249A182281F541600D40C4F /* ShippingViewModel.swift in Sources */,
				9249A179281F492100D40C4F /* CartViewModel.swift in Sources */,
				9249A175281F490400D40C4F /* CartViewController.swift in Sources */,
				9249A166281F21DB00D40C4F /* BookDetailsModel.swift in Sources */,
				92A5C8CE281B50F9003583D8 /* UserServices.swift in Sources */,
				9249A16C281F2EB600D40C4F /* ReviewsTableViewCell.swift in Sources */,
				9249A19828218DBA00D40C4F /* ProductServices.swift in Sources */,
				921FABB2281B96460010FDFA /* UIViewController.swift in Sources */,
				92A5C8D8281B56BC003583D8 /* LoginModel.swift in Sources */,
				9249A187281F722200D40C4F /* SummaryViewController.swift in Sources */,
				92A5C8AD2817690E003583D8 /* AppDelegate.swift in Sources */,
				92A5C8AF2817690E003583D8 /* SceneDelegate.swift in Sources */,
				921FABC2281EFC0F0010FDFA /* BookListViewModel.swift in Sources */,
				92A5C8C4281A0C45003583D8 /* ServiceManager.swift in Sources */,
				9249A1962820640C00D40C4F /* PaymentModel.swift in Sources */,
				9249A17B281F492D00D40C4F /* CartModel.swift in Sources */,
				921FABCA281EFD830010FDFA /* BookCollectionViewCell.swift in Sources */,
				92A5C8DD281B6843003583D8 /* ViewController.swift in Sources */,
				9249A164281F219F00D40C4F /* BookDetailsViewModel.swift in Sources */,
				92A5C8E5281B74CD003583D8 /* AppNavigationController.swift in Sources */,
				9249A184281F542A00D40C4F /* ShippingModel.swift in Sources */,
				921FABB9281EF19E0010FDFA /* ProfileOrderTableViewCell.swift in Sources */,
				921FABC4281EFC1A0010FDFA /* BookListModel.swift in Sources */,
				9249A17E281F53DB00D40C4F /* ShippingViewController.swift in Sources */,
				9249A190282063D700D40C4F /* PaymentViewController.swift in Sources */,
				92A5C8DB281B5E6C003583D8 /* Encodable.swift in Sources */,
				921FABB0281B91B00010FDFA /* ProfileModel.swift in Sources */,
				92A5C8CB281A1E72003583D8 /* Constants.swift in Sources */,
				92A5C8C6281A1D53003583D8 /* Authorization.swift in Sources */,
				9249A19A282192AE00D40C4F /* Strings.swift in Sources */,
				92A5C8D6281B56AD003583D8 /* LoginViewModel.swift in Sources */,
				921FABAA281B91770010FDFA /* ProfileViewController.swift in Sources */,
				921FABCD281EFF650010FDFA /* UIView.swift in Sources */,
				9249A18B281F724900D40C4F /* SummaryViewModel.swift in Sources */,
				92A5C8E1281B7458003583D8 /* HomeViewController.swift in Sources */,
				9249A194282063FF00D40C4F /* PaymentViewModel.swift in Sources */,
				921FABAE281B919C0010FDFA /* ProfileViewModel.swift in Sources */,
				92A5C8C9281A1E12003583D8 /* Utils.swift in Sources */,
				921FABBE281EFBEA0010FDFA /* BookListViewController.swift in Sources */,
			);
			runOnlyForDeploymentPostprocessing = 0;
		};
/* End PBXSourcesBuildPhase section */

/* Begin PBXVariantGroup section */
		92A5C8B72817690F003583D8 /* LaunchScreen.storyboard */ = {
			isa = PBXVariantGroup;
			children = (
				92A5C8B82817690F003583D8 /* Base */,
			);
			name = LaunchScreen.storyboard;
			sourceTree = "<group>";
		};
/* End PBXVariantGroup section */

/* Begin XCBuildConfiguration section */
		92A5C8BB2817690F003583D8 /* Debug */ = {
			isa = XCBuildConfiguration;
			buildSettings = {
				ALWAYS_SEARCH_USER_PATHS = NO;
				CLANG_ANALYZER_NONNULL = YES;
				CLANG_ANALYZER_NUMBER_OBJECT_CONVERSION = YES_AGGRESSIVE;
				CLANG_CXX_LANGUAGE_STANDARD = "gnu++17";
				CLANG_ENABLE_MODULES = YES;
				CLANG_ENABLE_OBJC_ARC = YES;
				CLANG_ENABLE_OBJC_WEAK = YES;
				CLANG_WARN_BLOCK_CAPTURE_AUTORELEASING = YES;
				CLANG_WARN_BOOL_CONVERSION = YES;
				CLANG_WARN_COMMA = YES;
				CLANG_WARN_CONSTANT_CONVERSION = YES;
				CLANG_WARN_DEPRECATED_OBJC_IMPLEMENTATIONS = YES;
				CLANG_WARN_DIRECT_OBJC_ISA_USAGE = YES_ERROR;
				CLANG_WARN_DOCUMENTATION_COMMENTS = YES;
				CLANG_WARN_EMPTY_BODY = YES;
				CLANG_WARN_ENUM_CONVERSION = YES;
				CLANG_WARN_INFINITE_RECURSION = YES;
				CLANG_WARN_INT_CONVERSION = YES;
				CLANG_WARN_NON_LITERAL_NULL_CONVERSION = YES;
				CLANG_WARN_OBJC_IMPLICIT_RETAIN_SELF = YES;
				CLANG_WARN_OBJC_LITERAL_CONVERSION = YES;
				CLANG_WARN_OBJC_ROOT_CLASS = YES_ERROR;
				CLANG_WARN_QUOTED_INCLUDE_IN_FRAMEWORK_HEADER = YES;
				CLANG_WARN_RANGE_LOOP_ANALYSIS = YES;
				CLANG_WARN_STRICT_PROTOTYPES = YES;
				CLANG_WARN_SUSPICIOUS_MOVE = YES;
				CLANG_WARN_UNGUARDED_AVAILABILITY = YES_AGGRESSIVE;
				CLANG_WARN_UNREACHABLE_CODE = YES;
				CLANG_WARN__DUPLICATE_METHOD_MATCH = YES;
				COPY_PHASE_STRIP = NO;
				DEBUG_INFORMATION_FORMAT = dwarf;
				ENABLE_STRICT_OBJC_MSGSEND = YES;
				ENABLE_TESTABILITY = YES;
				GCC_C_LANGUAGE_STANDARD = gnu11;
				GCC_DYNAMIC_NO_PIC = NO;
				GCC_NO_COMMON_BLOCKS = YES;
				GCC_OPTIMIZATION_LEVEL = 0;
				GCC_PREPROCESSOR_DEFINITIONS = (
					"DEBUG=1",
					"$(inherited)",
				);
				GCC_WARN_64_TO_32_BIT_CONVERSION = YES;
				GCC_WARN_ABOUT_RETURN_TYPE = YES_ERROR;
				GCC_WARN_UNDECLARED_SELECTOR = YES;
				GCC_WARN_UNINITIALIZED_AUTOS = YES_AGGRESSIVE;
				GCC_WARN_UNUSED_FUNCTION = YES;
				GCC_WARN_UNUSED_VARIABLE = YES;
				IPHONEOS_DEPLOYMENT_TARGET = 15.4;
				MTL_ENABLE_DEBUG_INFO = INCLUDE_SOURCE;
				MTL_FAST_MATH = YES;
				ONLY_ACTIVE_ARCH = YES;
				SDKROOT = iphoneos;
				SWIFT_ACTIVE_COMPILATION_CONDITIONS = DEBUG;
				SWIFT_OPTIMIZATION_LEVEL = "-Onone";
			};
			name = Debug;
		};
		92A5C8BC2817690F003583D8 /* Release */ = {
			isa = XCBuildConfiguration;
			buildSettings = {
				ALWAYS_SEARCH_USER_PATHS = NO;
				CLANG_ANALYZER_NONNULL = YES;
				CLANG_ANALYZER_NUMBER_OBJECT_CONVERSION = YES_AGGRESSIVE;
				CLANG_CXX_LANGUAGE_STANDARD = "gnu++17";
				CLANG_ENABLE_MODULES = YES;
				CLANG_ENABLE_OBJC_ARC = YES;
				CLANG_ENABLE_OBJC_WEAK = YES;
				CLANG_WARN_BLOCK_CAPTURE_AUTORELEASING = YES;
				CLANG_WARN_BOOL_CONVERSION = YES;
				CLANG_WARN_COMMA = YES;
				CLANG_WARN_CONSTANT_CONVERSION = YES;
				CLANG_WARN_DEPRECATED_OBJC_IMPLEMENTATIONS = YES;
				CLANG_WARN_DIRECT_OBJC_ISA_USAGE = YES_ERROR;
				CLANG_WARN_DOCUMENTATION_COMMENTS = YES;
				CLANG_WARN_EMPTY_BODY = YES;
				CLANG_WARN_ENUM_CONVERSION = YES;
				CLANG_WARN_INFINITE_RECURSION = YES;
				CLANG_WARN_INT_CONVERSION = YES;
				CLANG_WARN_NON_LITERAL_NULL_CONVERSION = YES;
				CLANG_WARN_OBJC_IMPLICIT_RETAIN_SELF = YES;
				CLANG_WARN_OBJC_LITERAL_CONVERSION = YES;
				CLANG_WARN_OBJC_ROOT_CLASS = YES_ERROR;
				CLANG_WARN_QUOTED_INCLUDE_IN_FRAMEWORK_HEADER = YES;
				CLANG_WARN_RANGE_LOOP_ANALYSIS = YES;
				CLANG_WARN_STRICT_PROTOTYPES = YES;
				CLANG_WARN_SUSPICIOUS_MOVE = YES;
				CLANG_WARN_UNGUARDED_AVAILABILITY = YES_AGGRESSIVE;
				CLANG_WARN_UNREACHABLE_CODE = YES;
				CLANG_WARN__DUPLICATE_METHOD_MATCH = YES;
				COPY_PHASE_STRIP = NO;
				DEBUG_INFORMATION_FORMAT = "dwarf-with-dsym";
				ENABLE_NS_ASSERTIONS = NO;
				ENABLE_STRICT_OBJC_MSGSEND = YES;
				GCC_C_LANGUAGE_STANDARD = gnu11;
				GCC_NO_COMMON_BLOCKS = YES;
				GCC_WARN_64_TO_32_BIT_CONVERSION = YES;
				GCC_WARN_ABOUT_RETURN_TYPE = YES_ERROR;
				GCC_WARN_UNDECLARED_SELECTOR = YES;
				GCC_WARN_UNINITIALIZED_AUTOS = YES_AGGRESSIVE;
				GCC_WARN_UNUSED_FUNCTION = YES;
				GCC_WARN_UNUSED_VARIABLE = YES;
				IPHONEOS_DEPLOYMENT_TARGET = 15.4;
				MTL_ENABLE_DEBUG_INFO = NO;
				MTL_FAST_MATH = YES;
				SDKROOT = iphoneos;
				SWIFT_COMPILATION_MODE = wholemodule;
				SWIFT_OPTIMIZATION_LEVEL = "-O";
				VALIDATE_PRODUCT = YES;
			};
			name = Release;
		};
		92A5C8BE2817690F003583D8 /* Debug */ = {
			isa = XCBuildConfiguration;
			baseConfigurationReference = CA790D6578295E7B307873DE /* Pods-BookShelf.debug.xcconfig */;
			buildSettings = {
				ASSETCATALOG_COMPILER_APPICON_NAME = AppIcon;
				ASSETCATALOG_COMPILER_GLOBAL_ACCENT_COLOR_NAME = AccentColor;
				CODE_SIGN_STYLE = Automatic;
				CURRENT_PROJECT_VERSION = 1;
				DEVELOPMENT_TEAM = C37N964QN4;
				GENERATE_INFOPLIST_FILE = YES;
				INFOPLIST_FILE = BookShelf/Info.plist;
				INFOPLIST_KEY_UIApplicationSupportsIndirectInputEvents = YES;
				INFOPLIST_KEY_UILaunchStoryboardName = LaunchScreen;
				INFOPLIST_KEY_UIMainStoryboardFile = LoginViewController;
				INFOPLIST_KEY_UISupportedInterfaceOrientations_iPad = "UIInterfaceOrientationPortrait UIInterfaceOrientationPortraitUpsideDown UIInterfaceOrientationLandscapeLeft UIInterfaceOrientationLandscapeRight";
				INFOPLIST_KEY_UISupportedInterfaceOrientations_iPhone = "UIInterfaceOrientationPortrait UIInterfaceOrientationLandscapeLeft UIInterfaceOrientationLandscapeRight";
				IPHONEOS_DEPLOYMENT_TARGET = 15.4;
				LD_RUNPATH_SEARCH_PATHS = (
					"$(inherited)",
					"@executable_path/Frameworks",
				);
				MARKETING_VERSION = 1.0;
				PRODUCT_BUNDLE_IDENTIFIER = org.Aditya.BookShelf;
				PRODUCT_NAME = "$(TARGET_NAME)";
				SWIFT_EMIT_LOC_STRINGS = YES;
				SWIFT_VERSION = 5.0;
				TARGETED_DEVICE_FAMILY = "1,2";
			};
			name = Debug;
		};
		92A5C8BF2817690F003583D8 /* Release */ = {
			isa = XCBuildConfiguration;
			baseConfigurationReference = 182C595E88443FD272F92AC6 /* Pods-BookShelf.release.xcconfig */;
			buildSettings = {
				ASSETCATALOG_COMPILER_APPICON_NAME = AppIcon;
				ASSETCATALOG_COMPILER_GLOBAL_ACCENT_COLOR_NAME = AccentColor;
				CODE_SIGN_STYLE = Automatic;
				CURRENT_PROJECT_VERSION = 1;
				DEVELOPMENT_TEAM = C37N964QN4;
				GENERATE_INFOPLIST_FILE = YES;
				INFOPLIST_FILE = BookShelf/Info.plist;
				INFOPLIST_KEY_UIApplicationSupportsIndirectInputEvents = YES;
				INFOPLIST_KEY_UILaunchStoryboardName = LaunchScreen;
				INFOPLIST_KEY_UIMainStoryboardFile = LoginViewController;
				INFOPLIST_KEY_UISupportedInterfaceOrientations_iPad = "UIInterfaceOrientationPortrait UIInterfaceOrientationPortraitUpsideDown UIInterfaceOrientationLandscapeLeft UIInterfaceOrientationLandscapeRight";
				INFOPLIST_KEY_UISupportedInterfaceOrientations_iPhone = "UIInterfaceOrientationPortrait UIInterfaceOrientationLandscapeLeft UIInterfaceOrientationLandscapeRight";
				IPHONEOS_DEPLOYMENT_TARGET = 15.4;
				LD_RUNPATH_SEARCH_PATHS = (
					"$(inherited)",
					"@executable_path/Frameworks",
				);
				MARKETING_VERSION = 1.0;
				PRODUCT_BUNDLE_IDENTIFIER = org.Aditya.BookShelf;
				PRODUCT_NAME = "$(TARGET_NAME)";
				SWIFT_EMIT_LOC_STRINGS = YES;
				SWIFT_VERSION = 5.0;
				TARGETED_DEVICE_FAMILY = "1,2";
			};
			name = Release;
		};
/* End XCBuildConfiguration section */

/* Begin XCConfigurationList section */
		92A5C8A42817690E003583D8 /* Build configuration list for PBXProject "BookShelf" */ = {
			isa = XCConfigurationList;
			buildConfigurations = (
				92A5C8BB2817690F003583D8 /* Debug */,
				92A5C8BC2817690F003583D8 /* Release */,
			);
			defaultConfigurationIsVisible = 0;
			defaultConfigurationName = Release;
		};
		92A5C8BD2817690F003583D8 /* Build configuration list for PBXNativeTarget "BookShelf" */ = {
			isa = XCConfigurationList;
			buildConfigurations = (
				92A5C8BE2817690F003583D8 /* Debug */,
				92A5C8BF2817690F003583D8 /* Release */,
			);
			defaultConfigurationIsVisible = 0;
			defaultConfigurationName = Release;
		};
/* End XCConfigurationList section */
	};
	rootObject = 92A5C8A12817690E003583D8 /* Project object */;
}
